
Microsoft Visual Studio Solution File, Format Version 12.00
Project("{FAE04EC0-301F-11D3-BF4B-00C04F79EFBC}") = "AvaloniaAlphacodersWallpaperLoader", "AvaloniaAlphacodersWallpaperLoader\AvaloniaAlphacodersWallpaperLoader.csproj", "{5C722DBA-E58A-4818-AB2A-DF592FCA77E9}"
EndProject
Project("{FAE04EC0-301F-11D3-BF4B-00C04F79EFBC}") = "WallsAlphaCodersLib", "WallsAlphaCodersLib\WallsAlphaCodersLib.csproj", "{A113ADD9-CA48-4A22-8E8B-4E681528A3D2}"
EndProject
Global
	GlobalSection(SolutionConfigurationPlatforms) = preSolution
		Debug|Any CPU = Debug|Any CPU
		Release|Any CPU = Release|Any CPU
	EndGlobalSection
	GlobalSection(ProjectConfigurationPlatforms) = postSolution
		{5C722DBA-E58A-4818-AB2A-DF592FCA77E9}.Debug|Any CPU.ActiveCfg = Debug|Any CPU
		{5C722DBA-E58A-4818-AB2A-DF592FCA77E9}.Debug|Any CPU.Build.0 = Debug|Any CPU
		{5C722DBA-E58A-4818-AB2A-DF592FCA77E9}.Release|Any CPU.ActiveCfg = Release|Any CPU
		{5C722DBA-E58A-4818-AB2A-DF592FCA77E9}.Release|Any CPU.Build.0 = Release|Any CPU
		{A113ADD9-CA48-4A22-8E8B-4E681528A3D2}.Debug|Any CPU.ActiveCfg = Debug|Any CPU
		{A113ADD9-CA48-4A22-8E8B-4E681528A3D2}.Debug|Any CPU.Build.0 = Debug|Any CPU
		{A113ADD9-CA48-4A22-8E8B-4E681528A3D2}.Release|Any CPU.ActiveCfg = Release|Any CPU
		{A113ADD9-CA48-4A22-8E8B-4E681528A3D2}.Release|Any CPU.Build.0 = Release|Any CPU
	EndGlobalSection
EndGlobal
